{
  "name": "nested",
  "lockfileVersion": 3,
  "requires": true,
  "packages": {
    "": {
      "devDependencies": {
        "typescript-strict-plugin": "file:../../../../typescript-strict-plugin"
      }
    },
    "../../../../typescript-strict-plugin": {
      "dev": true
    },
    "node_modules/typescript-strict-plugin": {
      "resolved": "../../../../typescript-strict-plugin",
      "link": true
    }
  }
}
